<?xml version="1.0" encoding="utf-8"?>
<Project ToolsVersion="4.0" xmlns="http://schemas.microsoft.com/developer/msbuild/2003">
  <ItemGroup>
    <Filter Include="Source Files">
      <UniqueIdentifier>{3ae95f1e-e03d-43b1-9656-4944aa6e5e8a}</UniqueIdentifier>
      <Extensions>cpp;c;cxx;rc;def;r;odl;idl;hpj;bat</Extensions>
    </Filter>
    <Filter Include="Source Files\Iex Source Files">
      <UniqueIdentifier>{bf2e76a7-04e4-4042-be03-7ab100fe2a2c}</UniqueIdentifier>
      <Extensions>cpp;c;cxx;rc;def;r;odl;idl;hpj;bat</Extensions>
    </Filter>
    <Filter Include="Source Files\IlmThread Source Files">
      <UniqueIdentifier>{5968a30f-0820-4196-955e-4580044a3cf9}</UniqueIdentifier>
      <Extensions>cpp;c;cxx;rc;def;r;odl;idl;hpj;bat</Extensions>
    </Filter>
    <Filter Include="Source Files\Imath Source Files">
      <UniqueIdentifier>{f0279cc2-1c62-4be4-a7d8-bfa5e405ad91}</UniqueIdentifier>
      <Extensions>cpp;c;cxx;rc;def;r;odl;idl;hpj;bat</Extensions>
    </Filter>
    <Filter Include="Source Files\OpenEXR Source Files">
      <UniqueIdentifier>{23fe3e9c-c23d-4bea-a6b2-544307f246c9}</UniqueIdentifier>
      <Extensions>cpp;c;cxx;rc;def;r;odl;idl;hpj;bat</Extensions>
    </Filter>
    <Filter Include="Source Files\OpenEXRCore Source Files">
      <UniqueIdentifier>{fcab4b25-1bf1-54ec-89b1-a468a4ee9cb2}</UniqueIdentifier>
      <Extensions>cpp;c;cxx;rc;def;r;odl;idl;hpj;bat</Extensions>
    </Filter>
    <Filter Include="Source Files\LibDeflate Source Files">
      <UniqueIdentifier>{d653f50f-422d-51d7-8707-ccabf9844e65}</UniqueIdentifier>
      <Extensions>cpp;c;cxx;rc;def;r;odl;idl;hpj;bat</Extensions>
    </Filter>
    <Filter Include="Header Files">
      <UniqueIdentifier>{90ef9c88-bf45-47bb-a4a8-68764ac65242}</UniqueIdentifier>
      <Extensions>h;hpp;hxx;hm;inl</Extensions>
    </Filter>
    <Filter Include="Header Files\Iex Header Files">
      <UniqueIdentifier>{2d41389f-a810-4b64-9cbc-279f170f260d}</UniqueIdentifier>
      <Extensions>h;hpp;hxx;hm;inl</Extensions>
    </Filter>
    <Filter Include="Header Files\IlmThread Header Files">
      <UniqueIdentifier>{3f37cb3e-6374-4d66-a36b-f31de14b3b78}</UniqueIdentifier>
      <Extensions>h;hpp;hxx;hm;inl</Extensions>
    </Filter>
    <Filter Include="Header Files\Imath Header Files">
      <UniqueIdentifier>{73a0c0a2-98d5-4aa3-9486-46a9e39ab826}</UniqueIdentifier>
      <Extensions>h;hpp;hxx;hm;inl</Extensions>
    </Filter>
    <Filter Include="Header Files\OpenEXR Header Files">
      <UniqueIdentifier>{bd459e90-3dae-4b9b-b5cb-76d2407c0908}</UniqueIdentifier>
      <Extensions>h;hpp;hxx;hm;inl</Extensions>
    </Filter>
    <Filter Include="Header Files\OpenEXRCore Header Files">
      <UniqueIdentifier>{50d7ac28-a6a3-5a13-acd0-01a9d91331ff}</UniqueIdentifier>
      <Extensions>h;hpp;hxx;hm;inl</Extensions>
    </Filter>
    <Filter Include="Header Files\LibDeflate Header Files">
      <UniqueIdentifier>{88262d2e-dcbd-5651-910f-aa92242d9d25}</UniqueIdentifier>
      <Extensions>h;hpp;hxx;hm;inl</Extensions>
    </Filter>
  </ItemGroup>
  <ItemGroup>
    <ClCompile Include="Iex\IexBaseExc.cpp">
      <Filter>Source Files\Iex Source Files</Filter>
    </ClCompile>
    <ClCompile Include="Iex\IexMathFloatExc.cpp">
      <Filter>Source Files\Iex Source Files</Filter>
    </ClCompile>
    <ClCompile Include="Iex\IexMathFpu.cpp">
      <Filter>Source Files\Iex Source Files</Filter>
    </ClCompile>
    <ClCompile Include="Iex\IexThrowErrnoExc.cpp">
      <Filter>Source Files\Iex Source Files</Filter>
    </ClCompile>
    <ClCompile Include="IlmThread\IlmThread.cpp">
      <Filter>Source Files\IlmThread Source Files</Filter>
    </ClCompile>
    <ClCompile Include="IlmThread\IlmThreadPool.cpp">
      <Filter>Source Files\IlmThread Source Files</Filter>
    </ClCompile>
    <ClCompile Include="IlmThread\IlmThreadSemaphore.cpp">
      <Filter>Source Files\IlmThread Source Files</Filter>
    </ClCompile>
    <ClCompile Include="IlmThread\IlmThreadSemaphoreOSX.cpp">
      <Filter>Source Files\IlmThread Source Files</Filter>
    </ClCompile>
    <ClCompile Include="IlmThread\IlmThreadSemaphorePosix.cpp">
      <Filter>Source Files\IlmThread Source Files</Filter>
    </ClCompile>
    <ClCompile Include="IlmThread\IlmThreadSemaphorePosixCompat.cpp">
      <Filter>Source Files\IlmThread Source Files</Filter>
    </ClCompile>
    <ClCompile Include="IlmThread\IlmThreadSemaphoreWin32.cpp">
      <Filter>Source Files\IlmThread Source Files</Filter>
    </ClCompile>
    <ClCompile Include="Imath\half.cpp">
      <Filter>Source Files\Imath Source Files</Filter>
    </ClCompile>
    <ClCompile Include="Imath\ImathColorAlgo.cpp">
      <Filter>Source Files\Imath Source Files</Filter>
    </ClCompile>
    <ClCompile Include="Imath\ImathFun.cpp">
      <Filter>Source Files\Imath Source Files</Filter>
    </ClCompile>
    <ClCompile Include="Imath\ImathMatrixAlgo.cpp">
      <Filter>Source Files\Imath Source Files</Filter>
    </ClCompile>
    <ClCompile Include="Imath\ImathRandom.cpp">
      <Filter>Source Files\Imath Source Files</Filter>
    </ClCompile>
    <ClCompile Include="OpenEXR\ImfAcesFile.cpp">
      <Filter>Source Files\OpenEXR Source Files</Filter>
    </ClCompile>
    <ClCompile Include="OpenEXR\ImfAttribute.cpp">
      <Filter>Source Files\OpenEXR Source Files</Filter>
    </ClCompile>
    <ClCompile Include="OpenEXR\ImfB44Compressor.cpp">
      <Filter>Source Files\OpenEXR Source Files</Filter>
    </ClCompile>
    <ClCompile Include="OpenEXR\ImfBoxAttribute.cpp">
      <Filter>Source Files\OpenEXR Source Files</Filter>
    </ClCompile>
    <ClCompile Include="OpenEXR\ImfChannelList.cpp">
      <Filter>Source Files\OpenEXR Source Files</Filter>
    </ClCompile>
    <ClCompile Include="OpenEXR\ImfChannelListAttribute.cpp">
      <Filter>Source Files\OpenEXR Source Files</Filter>
    </ClCompile>
    <ClCompile Include="OpenEXR\ImfChromaticities.cpp">
      <Filter>Source Files\OpenEXR Source Files</Filter>
    </ClCompile>
    <ClCompile Include="OpenEXR\ImfChromaticitiesAttribute.cpp">
      <Filter>Source Files\OpenEXR Source Files</Filter>
    </ClCompile>
    <ClCompile Include="OpenEXR\ImfCompositeDeepScanLine.cpp">
      <Filter>Source Files\OpenEXR Source Files</Filter>
    </ClCompile>
    <ClCompile Include="OpenEXR\ImfCompression.cpp">
      <Filter>Source Files\OpenEXR Source Files</Filter>
    </ClCompile>
    <ClCompile Include="OpenEXR\ImfCompressionAttribute.cpp">
      <Filter>Source Files\OpenEXR Source Files</Filter>
    </ClCompile>
    <ClCompile Include="OpenEXR\ImfCompressor.cpp">
      <Filter>Source Files\OpenEXR Source Files</Filter>
    </ClCompile>
    <ClCompile Include="OpenEXR\ImfContext.cpp">
      <Filter>Source Files\OpenEXR Source Files</Filter>
    </ClCompile>
    <ClCompile Include="OpenEXR\ImfContextInit.cpp">
      <Filter>Source Files\OpenEXR Source Files</Filter>
    </ClCompile>
    <ClCompile Include="OpenEXR\ImfConvert.cpp">
      <Filter>Source Files\OpenEXR Source Files</Filter>
    </ClCompile>
    <ClCompile Include="OpenEXR\ImfCRgbaFile.cpp">
      <Filter>Source Files\OpenEXR Source Files</Filter>
    </ClCompile>
    <ClCompile Include="OpenEXR\ImfDeepCompositing.cpp">
      <Filter>Source Files\OpenEXR Source Files</Filter>
    </ClCompile>
    <ClCompile Include="OpenEXR\ImfDeepFrameBuffer.cpp">
      <Filter>Source Files\OpenEXR Source Files</Filter>
    </ClCompile>
    <ClCompile Include="OpenEXR\ImfDeepImageStateAttribute.cpp">
      <Filter>Source Files\OpenEXR Source Files</Filter>
    </ClCompile>
    <ClCompile Include="OpenEXR\ImfDeepScanLineInputFile.cpp">
      <Filter>Source Files\OpenEXR Source Files</Filter>
    </ClCompile>
    <ClCompile Include="OpenEXR\ImfDeepScanLineInputPart.cpp">
      <Filter>Source Files\OpenEXR Source Files</Filter>
    </ClCompile>
    <ClCompile Include="OpenEXR\ImfDeepScanLineOutputFile.cpp">
      <Filter>Source Files\OpenEXR Source Files</Filter>
    </ClCompile>
    <ClCompile Include="OpenEXR\ImfDeepScanLineOutputPart.cpp">
      <Filter>Source Files\OpenEXR Source Files</Filter>
    </ClCompile>
    <ClCompile Include="OpenEXR\ImfDeepTiledInputFile.cpp">
      <Filter>Source Files\OpenEXR Source Files</Filter>
    </ClCompile>
    <ClCompile Include="OpenEXR\ImfDeepTiledInputPart.cpp">
      <Filter>Source Files\OpenEXR Source Files</Filter>
    </ClCompile>
    <ClCompile Include="OpenEXR\ImfDeepTiledOutputFile.cpp">
      <Filter>Source Files\OpenEXR Source Files</Filter>
    </ClCompile>
    <ClCompile Include="OpenEXR\ImfDeepTiledOutputPart.cpp">
      <Filter>Source Files\OpenEXR Source Files</Filter>
    </ClCompile>
    <ClCompile Include="OpenEXR\ImfDoubleAttribute.cpp">
      <Filter>Source Files\OpenEXR Source Files</Filter>
    </ClCompile>
    <ClCompile Include="OpenEXR\ImfDwaCompressor.cpp">
      <Filter>Source Files\OpenEXR Source Files</Filter>
    </ClCompile>
    <ClCompile Include="OpenEXR\ImfEnvmap.cpp">
      <Filter>Source Files\OpenEXR Source Files</Filter>
    </ClCompile>
    <ClCompile Include="OpenEXR\ImfEnvmapAttribute.cpp">
      <Filter>Source Files\OpenEXR Source Files</Filter>
    </ClCompile>
    <ClCompile Include="OpenEXR\ImfFastHuf.cpp">
      <Filter>Source Files\OpenEXR Source Files</Filter>
    </ClCompile>
    <ClCompile Include="OpenEXR\ImfFloatAttribute.cpp">
      <Filter>Source Files\OpenEXR Source Files</Filter>
    </ClCompile>
    <ClCompile Include="OpenEXR\ImfFloatVectorAttribute.cpp">
      <Filter>Source Files\OpenEXR Source Files</Filter>
    </ClCompile>
    <ClCompile Include="OpenEXR\ImfFrameBuffer.cpp">
      <Filter>Source Files\OpenEXR Source Files</Filter>
    </ClCompile>
    <ClCompile Include="OpenEXR\ImfFramesPerSecond.cpp">
      <Filter>Source Files\OpenEXR Source Files</Filter>
    </ClCompile>
    <ClCompile Include="OpenEXR\ImfGenericInputFile.cpp">
      <Filter>Source Files\OpenEXR Source Files</Filter>
    </ClCompile>
    <ClCompile Include="OpenEXR\ImfGenericOutputFile.cpp">
      <Filter>Source Files\OpenEXR Source Files</Filter>
    </ClCompile>
    <ClCompile Include="OpenEXR\ImfHeader.cpp">
      <Filter>Source Files\OpenEXR Source Files</Filter>
    </ClCompile>
    <ClCompile Include="OpenEXR\ImfHuf.cpp">
      <Filter>Source Files\OpenEXR Source Files</Filter>
    </ClCompile>
    <ClCompile Include="OpenEXR\ImfIDManifest.cpp">
      <Filter>Source Files\OpenEXR Source Files</Filter>
    </ClCompile>
    <ClCompile Include="OpenEXR\ImfIDManifestAttribute.cpp">
      <Filter>Source Files\OpenEXR Source Files</Filter>
    </ClCompile>
    <ClCompile Include="OpenEXR\ImfInputFile.cpp">
      <Filter>Source Files\OpenEXR Source Files</Filter>
    </ClCompile>
    <ClCompile Include="OpenEXR\ImfInputPart.cpp">
      <Filter>Source Files\OpenEXR Source Files</Filter>
    </ClCompile>
    <ClCompile Include="OpenEXR\ImfInputPartData.cpp">
      <Filter>Source Files\OpenEXR Source Files</Filter>
    </ClCompile>
    <ClCompile Include="OpenEXR\ImfIntAttribute.cpp">
      <Filter>Source Files\OpenEXR Source Files</Filter>
    </ClCompile>
    <ClCompile Include="OpenEXR\ImfIO.cpp">
      <Filter>Source Files\OpenEXR Source Files</Filter>
    </ClCompile>
    <ClCompile Include="OpenEXR\ImfKeyCode.cpp">
      <Filter>Source Files\OpenEXR Source Files</Filter>
    </ClCompile>
    <ClCompile Include="OpenEXR\ImfKeyCodeAttribute.cpp">
      <Filter>Source Files\OpenEXR Source Files</Filter>
    </ClCompile>
    <ClCompile Include="OpenEXR\ImfLineOrderAttribute.cpp">
      <Filter>Source Files\OpenEXR Source Files</Filter>
    </ClCompile>
    <ClCompile Include="OpenEXR\ImfLut.cpp">
      <Filter>Source Files\OpenEXR Source Files</Filter>
    </ClCompile>
    <ClCompile Include="OpenEXR\ImfMatrixAttribute.cpp">
      <Filter>Source Files\OpenEXR Source Files</Filter>
    </ClCompile>
    <ClCompile Include="OpenEXR\ImfMisc.cpp">
      <Filter>Source Files\OpenEXR Source Files</Filter>
    </ClCompile>
    <ClCompile Include="OpenEXR\ImfMultiPartInputFile.cpp">
      <Filter>Source Files\OpenEXR Source Files</Filter>
    </ClCompile>
    <ClCompile Include="OpenEXR\ImfMultiPartOutputFile.cpp">
      <Filter>Source Files\OpenEXR Source Files</Filter>
    </ClCompile>
    <ClCompile Include="OpenEXR\ImfMultiView.cpp">
      <Filter>Source Files\OpenEXR Source Files</Filter>
    </ClCompile>
    <ClCompile Include="OpenEXR\ImfOpaqueAttribute.cpp">
      <Filter>Source Files\OpenEXR Source Files</Filter>
    </ClCompile>
    <ClCompile Include="OpenEXR\ImfOutputFile.cpp">
      <Filter>Source Files\OpenEXR Source Files</Filter>
    </ClCompile>
    <ClCompile Include="OpenEXR\ImfOutputPart.cpp">
      <Filter>Source Files\OpenEXR Source Files</Filter>
    </ClCompile>
    <ClCompile Include="OpenEXR\ImfOutputPartData.cpp">
      <Filter>Source Files\OpenEXR Source Files</Filter>
    </ClCompile>
    <ClCompile Include="OpenEXR\ImfPartType.cpp">
      <Filter>Source Files\OpenEXR Source Files</Filter>
    </ClCompile>
    <ClCompile Include="OpenEXR\ImfPizCompressor.cpp">
      <Filter>Source Files\OpenEXR Source Files</Filter>
    </ClCompile>
    <ClCompile Include="OpenEXR\ImfPreviewImage.cpp">
      <Filter>Source Files\OpenEXR Source Files</Filter>
    </ClCompile>
    <ClCompile Include="OpenEXR\ImfPreviewImageAttribute.cpp">
      <Filter>Source Files\OpenEXR Source Files</Filter>
    </ClCompile>
    <ClCompile Include="OpenEXR\ImfPxr24Compressor.cpp">
      <Filter>Source Files\OpenEXR Source Files</Filter>
    </ClCompile>
    <ClCompile Include="OpenEXR\ImfRational.cpp">
      <Filter>Source Files\OpenEXR Source Files</Filter>
    </ClCompile>
    <ClCompile Include="OpenEXR\ImfRationalAttribute.cpp">
      <Filter>Source Files\OpenEXR Source Files</Filter>
    </ClCompile>
    <ClCompile Include="OpenEXR\ImfRgbaFile.cpp">
      <Filter>Source Files\OpenEXR Source Files</Filter>
    </ClCompile>
    <ClCompile Include="OpenEXR\ImfRgbaYca.cpp">
      <Filter>Source Files\OpenEXR Source Files</Filter>
    </ClCompile>
    <ClCompile Include="OpenEXR\ImfRle.cpp">
      <Filter>Source Files\OpenEXR Source Files</Filter>
    </ClCompile>
    <ClCompile Include="OpenEXR\ImfRleCompressor.cpp">
      <Filter>Source Files\OpenEXR Source Files</Filter>
    </ClCompile>
    <ClCompile Include="OpenEXR\ImfScanLineInputFile.cpp">
      <Filter>Source Files\OpenEXR Source Files</Filter>
    </ClCompile>
    <ClCompile Include="OpenEXR\ImfStandardAttributes.cpp">
      <Filter>Source Files\OpenEXR Source Files</Filter>
    </ClCompile>
    <ClCompile Include="OpenEXR\ImfStdIO.cpp">
      <Filter>Source Files\OpenEXR Source Files</Filter>
    </ClCompile>
    <ClCompile Include="OpenEXR\ImfStringAttribute.cpp">
      <Filter>Source Files\OpenEXR Source Files</Filter>
    </ClCompile>
    <ClCompile Include="OpenEXR\ImfStringVectorAttribute.cpp">
      <Filter>Source Files\OpenEXR Source Files</Filter>
    </ClCompile>
    <ClCompile Include="OpenEXR\ImfSystemSpecific.cpp">
      <Filter>Source Files\OpenEXR Source Files</Filter>
    </ClCompile>
    <ClCompile Include="OpenEXR\ImfTestFile.cpp">
      <Filter>Source Files\OpenEXR Source Files</Filter>
    </ClCompile>
    <ClCompile Include="OpenEXR\ImfThreading.cpp">
      <Filter>Source Files\OpenEXR Source Files</Filter>
    </ClCompile>
    <ClCompile Include="OpenEXR\ImfTileDescriptionAttribute.cpp">
      <Filter>Source Files\OpenEXR Source Files</Filter>
    </ClCompile>
    <ClCompile Include="OpenEXR\ImfTiledInputFile.cpp">
      <Filter>Source Files\OpenEXR Source Files</Filter>
    </ClCompile>
    <ClCompile Include="OpenEXR\ImfTiledInputPart.cpp">
      <Filter>Source Files\OpenEXR Source Files</Filter>
    </ClCompile>
    <ClCompile Include="OpenEXR\ImfTiledMisc.cpp">
      <Filter>Source Files\OpenEXR Source Files</Filter>
    </ClCompile>
    <ClCompile Include="OpenEXR\ImfTiledOutputFile.cpp">
      <Filter>Source Files\OpenEXR Source Files</Filter>
    </ClCompile>
    <ClCompile Include="OpenEXR\ImfTiledOutputPart.cpp">
      <Filter>Source Files\OpenEXR Source Files</Filter>
    </ClCompile>
    <ClCompile Include="OpenEXR\ImfTiledRgbaFile.cpp">
      <Filter>Source Files\OpenEXR Source Files</Filter>
    </ClCompile>
    <ClCompile Include="OpenEXR\ImfTileOffsets.cpp">
      <Filter>Source Files\OpenEXR Source Files</Filter>
    </ClCompile>
    <ClCompile Include="OpenEXR\ImfTimeCode.cpp">
      <Filter>Source Files\OpenEXR Source Files</Filter>
    </ClCompile>
    <ClCompile Include="OpenEXR\ImfTimeCodeAttribute.cpp">
      <Filter>Source Files\OpenEXR Source Files</Filter>
    </ClCompile>
    <ClCompile Include="OpenEXR\ImfVecAttribute.cpp">
      <Filter>Source Files\OpenEXR Source Files</Filter>
    </ClCompile>
    <ClCompile Include="OpenEXR\ImfVersion.cpp">
      <Filter>Source Files\OpenEXR Source Files</Filter>
    </ClCompile>
    <ClCompile Include="OpenEXR\ImfWav.cpp">
      <Filter>Source Files\OpenEXR Source Files</Filter>
    </ClCompile>
    <ClCompile Include="OpenEXR\ImfZip.cpp">
      <Filter>Source Files\OpenEXR Source Files</Filter>
    </ClCompile>
    <ClCompile Include="OpenEXR\ImfZipCompressor.cpp">
      <Filter>Source Files\OpenEXR Source Files</Filter>
    </ClCompile>
    <ClCompile Include="OpenEXRCore\attributes.c">
      <Filter>Source Files\OpenEXRCore Source Files</Filter>
    </ClCompile>
    <ClCompile Include="OpenEXRCore\base.c">
      <Filter>Source Files\OpenEXRCore Source Files</Filter>
    </ClCompile>
    <ClCompile Include="OpenEXRCore\channel_list.c">
      <Filter>Source Files\OpenEXRCore Source Files</Filter>
    </ClCompile>
    <ClCompile Include="OpenEXRCore\chunk.c">
      <Filter>Source Files\OpenEXRCore Source Files</Filter>
    </ClCompile>
    <ClCompile Include="OpenEXRCore\coding.c">
      <Filter>Source Files\OpenEXRCore Source Files</Filter>
    </ClCompile>
    <ClCompile Include="OpenEXRCore\compression.c">
      <Filter>Source Files\OpenEXRCore Source Files</Filter>
    </ClCompile>
    <ClCompile Include="OpenEXRCore\context.c">
      <Filter>Source Files\OpenEXRCore Source Files</Filter>
    </ClCompile>
    <ClCompile Include="OpenEXRCore\debug.c">
      <Filter>Source Files\OpenEXRCore Source Files</Filter>
    </ClCompile>
    <ClCompile Include="OpenEXRCore\decoding.c">
      <Filter>Source Files\OpenEXRCore Source Files</Filter>
    </ClCompile>
    <ClCompile Include="OpenEXRCore\encoding.c">
      <Filter>Source Files\OpenEXRCore Source Files</Filter>
    </ClCompile>
    <ClCompile Include="OpenEXRCore\float_vector.c">
      <Filter>Source Files\OpenEXRCore Source Files</Filter>
    </ClCompile>
    <ClCompile Include="OpenEXRCore\internal_b44.c">
      <Filter>Source Files\OpenEXRCore Source Files</Filter>
    </ClCompile>
    <ClCompile Include="OpenEXRCore\internal_b44_table.c">
      <Filter>Source Files\OpenEXRCore Source Files</Filter>
    </ClCompile>
    <ClCompile Include="OpenEXRCore\internal_dwa.c">
      <Filter>Source Files\OpenEXRCore Source Files</Filter>
    </ClCompile>
    <ClCompile Include="OpenEXRCore\internal_huf.c">
      <Filter>Source Files\OpenEXRCore Source Files</Filter>
    </ClCompile>
    <ClCompile Include="OpenEXRCore\internal_piz.c">
      <Filter>Source Files\OpenEXRCore Source Files</Filter>
    </ClCompile>
    <ClCompile Include="OpenEXRCore\internal_pxr24.c">
      <Filter>Source Files\OpenEXRCore Source Files</Filter>
    </ClCompile>
    <ClCompile Include="OpenEXRCore\internal_rle.c">
      <Filter>Source Files\OpenEXRCore Source Files</Filter>
    </ClCompile>
    <ClCompile Include="OpenEXRCore\internal_structs.c">
      <Filter>Source Files\OpenEXRCore Source Files</Filter>
    </ClCompile>
    <ClCompile Include="OpenEXRCore\internal_zip.c">
      <Filter>Source Files\OpenEXRCore Source Files</Filter>
    </ClCompile>
    <ClCompile Include="OpenEXRCore\memory.c">
      <Filter>Source Files\OpenEXRCore Source Files</Filter>
    </ClCompile>
    <ClCompile Include="OpenEXRCore\opaque.c">
      <Filter>Source Files\OpenEXRCore Source Files</Filter>
    </ClCompile>
    <ClCompile Include="OpenEXRCore\pack.c">
      <Filter>Source Files\OpenEXRCore Source Files</Filter>
    </ClCompile>
    <ClCompile Include="OpenEXRCore\parse_header.c">
      <Filter>Source Files\OpenEXRCore Source Files</Filter>
    </ClCompile>
    <ClCompile Include="OpenEXRCore\part.c">
      <Filter>Source Files\OpenEXRCore Source Files</Filter>
    </ClCompile>
    <ClCompile Include="OpenEXRCore\part_attr.c">
      <Filter>Source Files\OpenEXRCore Source Files</Filter>
    </ClCompile>
    <ClCompile Include="OpenEXRCore\preview.c">
      <Filter>Source Files\OpenEXRCore Source Files</Filter>
    </ClCompile>
    <ClCompile Include="OpenEXRCore\std_attr.c">
      <Filter>Source Files\OpenEXRCore Source Files</Filter>
    </ClCompile>
    <ClCompile Include="OpenEXRCore\string.c">
      <Filter>Source Files\OpenEXRCore Source Files</Filter>
    </ClCompile>
    <ClCompile Include="OpenEXRCore\string_vector.c">
      <Filter>Source Files\OpenEXRCore Source Files</Filter>
    </ClCompile>
    <ClCompile Include="OpenEXRCore\unpack.c">
      <Filter>Source Files\OpenEXRCore Source Files</Filter>
    </ClCompile>
    <ClCompile Include="OpenEXRCore\validation.c">
      <Filter>Source Files\OpenEXRCore Source Files</Filter>
    </ClCompile>
    <ClCompile Include="OpenEXRCore\write_header.c">
      <Filter>Source Files\OpenEXRCore Source Files</Filter>
    </ClCompile>
    <ClCompile Include="..\LibDeflate\lib\adler32.c">
      <Filter>Source Files\LibDeflate Source Files</Filter>
    </ClCompile>
    <ClCompile Include="..\LibDeflate\lib\deflate_compress.c">
      <Filter>Source Files\LibDeflate Source Files</Filter>
    </ClCompile>
    <ClCompile Include="..\LibDeflate\lib\deflate_decompress.c">
      <Filter>Source Files\LibDeflate Source Files</Filter>
    </ClCompile>
    <ClCompile Include="..\LibDeflate\lib\utils.c">
      <Filter>Source Files\LibDeflate Source Files</Filter>
    </ClCompile>
    <ClCompile Include="..\LibDeflate\lib\zlib_compress.c">
      <Filter>Source Files\LibDeflate Source Files</Filter>
    </ClCompile>
    <ClCompile Include="..\LibDeflate\lib\zlib_decompress.c">
      <Filter>Source Files\LibDeflate Source Files</Filter>
    </ClCompile>
    <ClCompile Include="..\LibDeflate\lib\arm\cpu_features.c">
      <Filter>Source Files\LibDeflate Source Files</Filter>
    </ClCompile>
    <ClCompile Include="..\LibDeflate\lib\x86\cpu_features.c">
      <Filter>Source Files\LibDeflate Source Files</Filter>
    </ClCompile>
  </ItemGroup>
  <ItemGroup>
    <ClInclude Include="IexConfig.h">
      <Filter>Header Files</Filter>
    </ClInclude>
    <ClInclude Include="IexConfigInternal.h">
      <Filter>Header Files</Filter>
    </ClInclude>
    <ClInclude Include="IlmThreadConfig.h">
      <Filter>Header Files</Filter>
    </ClInclude>
    <ClInclude Include="ImathConfig.h">
      <Filter>Header Files</Filter>
    </ClInclude>
    <ClInclude Include="OpenEXRConfig.h">
      <Filter>Header Files</Filter>
    </ClInclude>
    <ClInclude Include="OpenEXRConfigInternal.h">
      <Filter>Header Files</Filter>
    </ClInclude>
    <ClInclude Include="Iex\Iex.h">
      <Filter>Header Files\Iex Header Files</Filter>
    </ClInclude>
    <ClInclude Include="Iex\IexBaseExc.h">
      <Filter>Header Files\Iex Header Files</Filter>
    </ClInclude>
    <ClInclude Include="Iex\IexErrnoExc.h">
      <Filter>Header Files\Iex Header Files</Filter>
    </ClInclude>
    <ClInclude Include="Iex\IexExport.h">
      <Filter>Header Files\Iex Header Files</Filter>
    </ClInclude>
    <ClInclude Include="Iex\IexForward.h">
      <Filter>Header Files\Iex Header Files</Filter>
    </ClInclude>
    <ClInclude Include="Iex\IexMacros.h">
      <Filter>Header Files\Iex Header Files</Filter>
    </ClInclude>
    <ClInclude Include="Iex\IexMathExc.h">
      <Filter>Header Files\Iex Header Files</Filter>
    </ClInclude>
    <ClInclude Include="Iex\IexMathFloatExc.h">
      <Filter>Header Files\Iex Header Files</Filter>
    </ClInclude>
    <ClInclude Include="Iex\IexMathFpu.h">
      <Filter>Header Files\Iex Header Files</Filter>
    </ClInclude>
    <ClInclude Include="Iex\IexMathIeeeExc.h">
      <Filter>Header Files\Iex Header Files</Filter>
    </ClInclude>
    <ClInclude Include="Iex\IexNamespace.h">
      <Filter>Header Files\Iex Header Files</Filter>
    </ClInclude>
    <ClInclude Include="Iex\IexThrowErrnoExc.h">
      <Filter>Header Files\Iex Header Files</Filter>
    </ClInclude>
    <ClInclude Include="IlmThread\IlmThread.h">
      <Filter>Header Files\IlmThread Header Files</Filter>
    </ClInclude>
    <ClInclude Include="IlmThread\IlmThreadExport.h">
      <Filter>Header Files\IlmThread Header Files</Filter>
    </ClInclude>
    <ClInclude Include="IlmThread\IlmThreadForward.h">
      <Filter>Header Files\IlmThread Header Files</Filter>
    </ClInclude>
    <ClInclude Include="IlmThread\IlmThreadMutex.h">
      <Filter>Header Files\IlmThread Header Files</Filter>
    </ClInclude>
    <ClInclude Include="IlmThread\IlmThreadNamespace.h">
      <Filter>Header Files\IlmThread Header Files</Filter>
    </ClInclude>
    <ClInclude Include="IlmThread\IlmThreadPool.h">
      <Filter>Header Files\IlmThread Header Files</Filter>
    </ClInclude>
    <ClInclude Include="IlmThread\IlmThreadProcessGroup.h">
      <Filter>Header Files\IlmThread Header Files</Filter>
    </ClInclude>
    <ClInclude Include="IlmThread\IlmThreadSemaphore.h">
      <Filter>Header Files\IlmThread Header Files</Filter>
    </ClInclude>
    <ClInclude Include="Imath\half.h">
      <Filter>Header Files\Imath Header Files</Filter>
    </ClInclude>
    <ClInclude Include="Imath\halfFunction.h">
      <Filter>Header Files\Imath Header Files</Filter>
    </ClInclude>
    <ClInclude Include="Imath\halfLimits.h">
      <Filter>Header Files\Imath Header Files</Filter>
    </ClInclude>
    <ClInclude Include="Imath\ImathBox.h">
      <Filter>Header Files\Imath Header Files</Filter>
    </ClInclude>
    <ClInclude Include="Imath\ImathBoxAlgo.h">
      <Filter>Header Files\Imath Header Files</Filter>
    </ClInclude>
    <ClInclude Include="Imath\ImathColor.h">
      <Filter>Header Files\Imath Header Files</Filter>
    </ClInclude>
    <ClInclude Include="Imath\ImathColorAlgo.h">
      <Filter>Header Files\Imath Header Files</Filter>
    </ClInclude>
    <ClInclude Include="Imath\ImathEuler.h">
      <Filter>Header Files\Imath Header Files</Filter>
    </ClInclude>
    <ClInclude Include="Imath\ImathExport.h">
      <Filter>Header Files\Imath Header Files</Filter>
    </ClInclude>
    <ClInclude Include="Imath\ImathForward.h">
      <Filter>Header Files\Imath Header Files</Filter>
    </ClInclude>
    <ClInclude Include="Imath\ImathFrame.h">
      <Filter>Header Files\Imath Header Files</Filter>
    </ClInclude>
    <ClInclude Include="Imath\ImathFrustum.h">
      <Filter>Header Files\Imath Header Files</Filter>
    </ClInclude>
    <ClInclude Include="Imath\ImathFrustumTest.h">
      <Filter>Header Files\Imath Header Files</Filter>
    </ClInclude>
    <ClInclude Include="Imath\ImathFun.h">
      <Filter>Header Files\Imath Header Files</Filter>
    </ClInclude>
    <ClInclude Include="Imath\ImathGL.h">
      <Filter>Header Files\Imath Header Files</Filter>
    </ClInclude>
    <ClInclude Include="Imath\ImathGLU.h">
      <Filter>Header Files\Imath Header Files</Filter>
    </ClInclude>
    <ClInclude Include="Imath\ImathInt64.h">
      <Filter>Header Files\Imath Header Files</Filter>
    </ClInclude>
    <ClInclude Include="Imath\ImathInterval.h">
      <Filter>Header Files\Imath Header Files</Filter>
    </ClInclude>
    <ClInclude Include="Imath\ImathLine.h">
      <Filter>Header Files\Imath Header Files</Filter>
    </ClInclude>
    <ClInclude Include="Imath\ImathLineAlgo.h">
      <Filter>Header Files\Imath Header Files</Filter>
    </ClInclude>
    <ClInclude Include="Imath\ImathMath.h">
      <Filter>Header Files\Imath Header Files</Filter>
    </ClInclude>
    <ClInclude Include="Imath\ImathMatrix.h">
      <Filter>Header Files\Imath Header Files</Filter>
    </ClInclude>
    <ClInclude Include="Imath\ImathMatrixAlgo.h">
      <Filter>Header Files\Imath Header Files</Filter>
    </ClInclude>
    <ClInclude Include="Imath\ImathNamespace.h">
      <Filter>Header Files\Imath Header Files</Filter>
    </ClInclude>
    <ClInclude Include="Imath\ImathPlane.h">
      <Filter>Header Files\Imath Header Files</Filter>
    </ClInclude>
    <ClInclude Include="Imath\ImathPlatform.h">
      <Filter>Header Files\Imath Header Files</Filter>
    </ClInclude>
    <ClInclude Include="Imath\ImathQuat.h">
      <Filter>Header Files\Imath Header Files</Filter>
    </ClInclude>
    <ClInclude Include="Imath\ImathRandom.h">
      <Filter>Header Files\Imath Header Files</Filter>
    </ClInclude>
    <ClInclude Include="Imath\ImathRoots.h">
      <Filter>Header Files\Imath Header Files</Filter>
    </ClInclude>
    <ClInclude Include="Imath\ImathShear.h">
      <Filter>Header Files\Imath Header Files</Filter>
    </ClInclude>
    <ClInclude Include="Imath\ImathSphere.h">
      <Filter>Header Files\Imath Header Files</Filter>
    </ClInclude>
    <ClInclude Include="Imath\ImathTypeTraits.h">
      <Filter>Header Files\Imath Header Files</Filter>
    </ClInclude>
    <ClInclude Include="Imath\ImathVec.h">
      <Filter>Header Files\Imath Header Files</Filter>
    </ClInclude>
    <ClInclude Include="Imath\ImathVecAlgo.h">
      <Filter>Header Files\Imath Header Files</Filter>
    </ClInclude>
    <ClInclude Include="Imath\toFloat.h">
      <Filter>Header Files\Imath Header Files</Filter>
    </ClInclude>
    <ClInclude Include="OpenEXR\ImfAcesFile.h">
      <Filter>Header Files\OpenEXR Header Files</Filter>
    </ClInclude>
    <ClInclude Include="OpenEXR\ImfArray.h">
      <Filter>Header Files\OpenEXR Header Files</Filter>
    </ClInclude>
    <ClInclude Include="OpenEXR\ImfAttribute.h">
      <Filter>Header Files\OpenEXR Header Files</Filter>
    </ClInclude>
    <ClInclude Include="OpenEXR\ImfAutoArray.h">
      <Filter>Header Files\OpenEXR Header Files</Filter>
    </ClInclude>
    <ClInclude Include="OpenEXR\ImfB44Compressor.h">
      <Filter>Header Files\OpenEXR Header Files</Filter>
    </ClInclude>
    <ClInclude Include="OpenEXR\ImfBoxAttribute.h">
      <Filter>Header Files\OpenEXR Header Files</Filter>
    </ClInclude>
    <ClInclude Include="OpenEXR\ImfChannelList.h">
      <Filter>Header Files\OpenEXR Header Files</Filter>
    </ClInclude>
    <ClInclude Include="OpenEXR\ImfChannelListAttribute.h">
      <Filter>Header Files\OpenEXR Header Files</Filter>
    </ClInclude>
    <ClInclude Include="OpenEXR\ImfCheckedArithmetic.h">
      <Filter>Header Files\OpenEXR Header Files</Filter>
    </ClInclude>
    <ClInclude Include="OpenEXR\ImfChromaticities.h">
      <Filter>Header Files\OpenEXR Header Files</Filter>
    </ClInclude>
    <ClInclude Include="OpenEXR\ImfChromaticitiesAttribute.h">
      <Filter>Header Files\OpenEXR Header Files</Filter>
    </ClInclude>
    <ClInclude Include="OpenEXR\ImfCompositeDeepScanLine.h">
      <Filter>Header Files\OpenEXR Header Files</Filter>
    </ClInclude>
    <ClInclude Include="OpenEXR\ImfCompression.h">
      <Filter>Header Files\OpenEXR Header Files</Filter>
    </ClInclude>
    <ClInclude Include="OpenEXR\ImfCompressionAttribute.h">
      <Filter>Header Files\OpenEXR Header Files</Filter>
    </ClInclude>
    <ClInclude Include="OpenEXR\ImfCompressor.h">
      <Filter>Header Files\OpenEXR Header Files</Filter>
    </ClInclude>
    <ClInclude Include="OpenEXR\ImfContext.h">
      <Filter>Header Files\OpenEXR Header Files</Filter>
    </ClInclude>
    <ClInclude Include="OpenEXR\ImfContextInit.h">
      <Filter>Header Files\OpenEXR Header Files</Filter>
    </ClInclude>
    <ClInclude Include="OpenEXR\ImfConvert.h">
      <Filter>Header Files\OpenEXR Header Files</Filter>
    </ClInclude>
    <ClInclude Include="OpenEXR\ImfCRgbaFile.h">
      <Filter>Header Files\OpenEXR Header Files</Filter>
    </ClInclude>
    <ClInclude Include="OpenEXR\ImfDeepCompositing.h">
      <Filter>Header Files\OpenEXR Header Files</Filter>
    </ClInclude>
    <ClInclude Include="OpenEXR\ImfDeepFrameBuffer.h">
      <Filter>Header Files\OpenEXR Header Files</Filter>
    </ClInclude>
    <ClInclude Include="OpenEXR\ImfDeepImageState.h">
      <Filter>Header Files\OpenEXR Header Files</Filter>
    </ClInclude>
    <ClInclude Include="OpenEXR\ImfDeepImageStateAttribute.h">
      <Filter>Header Files\OpenEXR Header Files</Filter>
    </ClInclude>
    <ClInclude Include="OpenEXR\ImfDeepScanLineInputFile.h">
      <Filter>Header Files\OpenEXR Header Files</Filter>
    </ClInclude>
    <ClInclude Include="OpenEXR\ImfDeepScanLineInputPart.h">
      <Filter>Header Files\OpenEXR Header Files</Filter>
    </ClInclude>
    <ClInclude Include="OpenEXR\ImfDeepScanLineOutputFile.h">
      <Filter>Header Files\OpenEXR Header Files</Filter>
    </ClInclude>
    <ClInclude Include="OpenEXR\ImfDeepScanLineOutputPart.h">
      <Filter>Header Files\OpenEXR Header Files</Filter>
    </ClInclude>
    <ClInclude Include="OpenEXR\ImfDeepTiledInputFile.h">
      <Filter>Header Files\OpenEXR Header Files</Filter>
    </ClInclude>
    <ClInclude Include="OpenEXR\ImfDeepTiledInputPart.h">
      <Filter>Header Files\OpenEXR Header Files</Filter>
    </ClInclude>
    <ClInclude Include="OpenEXR\ImfDeepTiledOutputFile.h">
      <Filter>Header Files\OpenEXR Header Files</Filter>
    </ClInclude>
    <ClInclude Include="OpenEXR\ImfDeepTiledOutputPart.h">
      <Filter>Header Files\OpenEXR Header Files</Filter>
    </ClInclude>
    <ClInclude Include="OpenEXR\ImfDoubleAttribute.h">
      <Filter>Header Files\OpenEXR Header Files</Filter>
    </ClInclude>
    <ClInclude Include="OpenEXR\ImfDwaCompressor.h">
      <Filter>Header Files\OpenEXR Header Files</Filter>
    </ClInclude>
    <ClInclude Include="OpenEXR\ImfEnvmap.h">
      <Filter>Header Files\OpenEXR Header Files</Filter>
    </ClInclude>
    <ClInclude Include="OpenEXR\ImfEnvmapAttribute.h">
      <Filter>Header Files\OpenEXR Header Files</Filter>
    </ClInclude>
    <ClInclude Include="OpenEXR\ImfExport.h">
      <Filter>Header Files\OpenEXR Header Files</Filter>
    </ClInclude>
    <ClInclude Include="OpenEXR\ImfFastHuf.h">
      <Filter>Header Files\OpenEXR Header Files</Filter>
    </ClInclude>
    <ClInclude Include="OpenEXR\ImfFloatAttribute.h">
      <Filter>Header Files\OpenEXR Header Files</Filter>
    </ClInclude>
    <ClInclude Include="OpenEXR\ImfFloatVectorAttribute.h">
      <Filter>Header Files\OpenEXR Header Files</Filter>
    </ClInclude>
    <ClInclude Include="OpenEXR\ImfForward.h">
      <Filter>Header Files\OpenEXR Header Files</Filter>
    </ClInclude>
    <ClInclude Include="OpenEXR\ImfFrameBuffer.h">
      <Filter>Header Files\OpenEXR Header Files</Filter>
    </ClInclude>
    <ClInclude Include="OpenEXR\ImfFramesPerSecond.h">
      <Filter>Header Files\OpenEXR Header Files</Filter>
    </ClInclude>
    <ClInclude Include="OpenEXR\ImfGenericInputFile.h">
      <Filter>Header Files\OpenEXR Header Files</Filter>
    </ClInclude>
    <ClInclude Include="OpenEXR\ImfGenericOutputFile.h">
      <Filter>Header Files\OpenEXR Header Files</Filter>
    </ClInclude>
    <ClInclude Include="OpenEXR\ImfHeader.h">
      <Filter>Header Files\OpenEXR Header Files</Filter>
    </ClInclude>
    <ClInclude Include="OpenEXR\ImfHuf.h">
      <Filter>Header Files\OpenEXR Header Files</Filter>
    </ClInclude>
    <ClInclude Include="OpenEXR\ImfIDManifest.h">
      <Filter>Header Files\OpenEXR Header Files</Filter>
    </ClInclude>
    <ClInclude Include="OpenEXR\ImfIDManifestAttribute.h">
      <Filter>Header Files\OpenEXR Header Files</Filter>
    </ClInclude>
    <ClInclude Include="OpenEXR\ImfInputFile.h">
      <Filter>Header Files\OpenEXR Header Files</Filter>
    </ClInclude>
    <ClInclude Include="OpenEXR\ImfInputPart.h">
      <Filter>Header Files\OpenEXR Header Files</Filter>
    </ClInclude>
    <ClInclude Include="OpenEXR\ImfInputPartData.h">
      <Filter>Header Files\OpenEXR Header Files</Filter>
    </ClInclude>
    <ClInclude Include="OpenEXR\ImfInputStreamMutex.h">
      <Filter>Header Files\OpenEXR Header Files</Filter>
    </ClInclude>
    <ClInclude Include="OpenEXR\ImfInt64.h">
      <Filter>Header Files\OpenEXR Header Files</Filter>
    </ClInclude>
    <ClInclude Include="OpenEXR\ImfIntAttribute.h">
      <Filter>Header Files\OpenEXR Header Files</Filter>
    </ClInclude>
    <ClInclude Include="OpenEXR\ImfIO.h">
      <Filter>Header Files\OpenEXR Header Files</Filter>
    </ClInclude>
    <ClInclude Include="OpenEXR\ImfKeyCode.h">
      <Filter>Header Files\OpenEXR Header Files</Filter>
    </ClInclude>
    <ClInclude Include="OpenEXR\ImfKeyCodeAttribute.h">
      <Filter>Header Files\OpenEXR Header Files</Filter>
    </ClInclude>
    <ClInclude Include="OpenEXR\ImfLineOrder.h">
      <Filter>Header Files\OpenEXR Header Files</Filter>
    </ClInclude>
    <ClInclude Include="OpenEXR\ImfLineOrderAttribute.h">
      <Filter>Header Files\OpenEXR Header Files</Filter>
    </ClInclude>
    <ClInclude Include="OpenEXR\ImfLut.h">
      <Filter>Header Files\OpenEXR Header Files</Filter>
    </ClInclude>
    <ClInclude Include="OpenEXR\ImfMatrixAttribute.h">
      <Filter>Header Files\OpenEXR Header Files</Filter>
    </ClInclude>
    <ClInclude Include="OpenEXR\ImfMisc.h">
      <Filter>Header Files\OpenEXR Header Files</Filter>
    </ClInclude>
    <ClInclude Include="OpenEXR\ImfMultiPartInputFile.h">
      <Filter>Header Files\OpenEXR Header Files</Filter>
    </ClInclude>
    <ClInclude Include="OpenEXR\ImfMultiPartOutputFile.h">
      <Filter>Header Files\OpenEXR Header Files</Filter>
    </ClInclude>
    <ClInclude Include="OpenEXR\ImfMultiView.h">
      <Filter>Header Files\OpenEXR Header Files</Filter>
    </ClInclude>
    <ClInclude Include="OpenEXR\ImfName.h">
      <Filter>Header Files\OpenEXR Header Files</Filter>
    </ClInclude>
    <ClInclude Include="OpenEXR\ImfNamespace.h">
      <Filter>Header Files\OpenEXR Header Files</Filter>
    </ClInclude>
    <ClInclude Include="OpenEXR\ImfOpaqueAttribute.h">
      <Filter>Header Files\OpenEXR Header Files</Filter>
    </ClInclude>
    <ClInclude Include="OpenEXR\ImfOptimizedPixelReading.h">
      <Filter>Header Files\OpenEXR Header Files</Filter>
    </ClInclude>
    <ClInclude Include="OpenEXR\ImfOutputFile.h">
      <Filter>Header Files\OpenEXR Header Files</Filter>
    </ClInclude>
    <ClInclude Include="OpenEXR\ImfOutputPart.h">
      <Filter>Header Files\OpenEXR Header Files</Filter>
    </ClInclude>
    <ClInclude Include="OpenEXR\ImfOutputPartData.h">
      <Filter>Header Files\OpenEXR Header Files</Filter>
    </ClInclude>
    <ClInclude Include="OpenEXR\ImfOutputStreamMutex.h">
      <Filter>Header Files\OpenEXR Header Files</Filter>
    </ClInclude>
    <ClInclude Include="OpenEXR\ImfPartHelper.h">
      <Filter>Header Files\OpenEXR Header Files</Filter>
    </ClInclude>
    <ClInclude Include="OpenEXR\ImfPartType.h">
      <Filter>Header Files\OpenEXR Header Files</Filter>
    </ClInclude>
    <ClInclude Include="OpenEXR\ImfPixelType.h">
      <Filter>Header Files\OpenEXR Header Files</Filter>
    </ClInclude>
    <ClInclude Include="OpenEXR\ImfPizCompressor.h">
      <Filter>Header Files\OpenEXR Header Files</Filter>
    </ClInclude>
    <ClInclude Include="OpenEXR\ImfPreviewImage.h">
      <Filter>Header Files\OpenEXR Header Files</Filter>
    </ClInclude>
    <ClInclude Include="OpenEXR\ImfPreviewImageAttribute.h">
      <Filter>Header Files\OpenEXR Header Files</Filter>
    </ClInclude>
    <ClInclude Include="OpenEXR\ImfPxr24Compressor.h">
      <Filter>Header Files\OpenEXR Header Files</Filter>
    </ClInclude>
    <ClInclude Include="OpenEXR\ImfRational.h">
      <Filter>Header Files\OpenEXR Header Files</Filter>
    </ClInclude>
    <ClInclude Include="OpenEXR\ImfRationalAttribute.h">
      <Filter>Header Files\OpenEXR Header Files</Filter>
    </ClInclude>
    <ClInclude Include="OpenEXR\ImfRgba.h">
      <Filter>Header Files\OpenEXR Header Files</Filter>
    </ClInclude>
    <ClInclude Include="OpenEXR\ImfRgbaFile.h">
      <Filter>Header Files\OpenEXR Header Files</Filter>
    </ClInclude>
    <ClInclude Include="OpenEXR\ImfRgbaYca.h">
      <Filter>Header Files\OpenEXR Header Files</Filter>
    </ClInclude>
    <ClInclude Include="OpenEXR\ImfRle.h">
      <Filter>Header Files\OpenEXR Header Files</Filter>
    </ClInclude>
    <ClInclude Include="OpenEXR\ImfRleCompressor.h">
      <Filter>Header Files\OpenEXR Header Files</Filter>
    </ClInclude>
    <ClInclude Include="OpenEXR\ImfScanLineInputFile.h">
      <Filter>Header Files\OpenEXR Header Files</Filter>
    </ClInclude>
    <ClInclude Include="OpenEXR\ImfSimd.h">
      <Filter>Header Files\OpenEXR Header Files</Filter>
    </ClInclude>
    <ClInclude Include="OpenEXR\ImfStandardAttributes.h">
      <Filter>Header Files\OpenEXR Header Files</Filter>
    </ClInclude>
    <ClInclude Include="OpenEXR\ImfStdIO.h">
      <Filter>Header Files\OpenEXR Header Files</Filter>
    </ClInclude>
    <ClInclude Include="OpenEXR\ImfStringAttribute.h">
      <Filter>Header Files\OpenEXR Header Files</Filter>
    </ClInclude>
    <ClInclude Include="OpenEXR\ImfStringVectorAttribute.h">
      <Filter>Header Files\OpenEXR Header Files</Filter>
    </ClInclude>
    <ClInclude Include="OpenEXR\ImfSystemSpecific.h">
      <Filter>Header Files\OpenEXR Header Files</Filter>
    </ClInclude>
    <ClInclude Include="OpenEXR\ImfTestFile.h">
      <Filter>Header Files\OpenEXR Header Files</Filter>
    </ClInclude>
    <ClInclude Include="OpenEXR\ImfThreading.h">
      <Filter>Header Files\OpenEXR Header Files</Filter>
    </ClInclude>
    <ClInclude Include="OpenEXR\ImfTileDescription.h">
      <Filter>Header Files\OpenEXR Header Files</Filter>
    </ClInclude>
    <ClInclude Include="OpenEXR\ImfTileDescriptionAttribute.h">
      <Filter>Header Files\OpenEXR Header Files</Filter>
    </ClInclude>
    <ClInclude Include="OpenEXR\ImfTiledInputFile.h">
      <Filter>Header Files\OpenEXR Header Files</Filter>
    </ClInclude>
    <ClInclude Include="OpenEXR\ImfTiledInputPart.h">
      <Filter>Header Files\OpenEXR Header Files</Filter>
    </ClInclude>
    <ClInclude Include="OpenEXR\ImfTiledMisc.h">
      <Filter>Header Files\OpenEXR Header Files</Filter>
    </ClInclude>
    <ClInclude Include="OpenEXR\ImfTiledOutputFile.h">
      <Filter>Header Files\OpenEXR Header Files</Filter>
    </ClInclude>
    <ClInclude Include="OpenEXR\ImfTiledOutputPart.h">
      <Filter>Header Files\OpenEXR Header Files</Filter>
    </ClInclude>
    <ClInclude Include="OpenEXR\ImfTiledRgbaFile.h">
      <Filter>Header Files\OpenEXR Header Files</Filter>
    </ClInclude>
    <ClInclude Include="OpenEXR\ImfTileOffsets.h">
      <Filter>Header Files\OpenEXR Header Files</Filter>
    </ClInclude>
    <ClInclude Include="OpenEXR\ImfTimeCode.h">
      <Filter>Header Files\OpenEXR Header Files</Filter>
    </ClInclude>
    <ClInclude Include="OpenEXR\ImfTimeCodeAttribute.h">
      <Filter>Header Files\OpenEXR Header Files</Filter>
    </ClInclude>
    <ClInclude Include="OpenEXR\ImfVecAttribute.h">
      <Filter>Header Files\OpenEXR Header Files</Filter>
    </ClInclude>
    <ClInclude Include="OpenEXR\ImfVersion.h">
      <Filter>Header Files\OpenEXR Header Files</Filter>
    </ClInclude>
    <ClInclude Include="OpenEXR\ImfWav.h">
      <Filter>Header Files\OpenEXR Header Files</Filter>
    </ClInclude>
    <ClInclude Include="OpenEXR\ImfXdr.h">
      <Filter>Header Files\OpenEXR Header Files</Filter>
    </ClInclude>
    <ClInclude Include="OpenEXR\ImfZip.h">
      <Filter>Header Files\OpenEXR Header Files</Filter>
    </ClInclude>
    <ClInclude Include="OpenEXR\ImfZipCompressor.h">
      <Filter>Header Files\OpenEXR Header Files</Filter>
    </ClInclude>
    <ClInclude Include="OpenEXRCore\backward_compatibility.h">
      <Filter>Header Files\OpenEXRCore Header Files</Filter>
    </ClInclude>
    <ClInclude Include="OpenEXRCore\dwaLookups.h">
      <Filter>Header Files\OpenEXRCore Header Files</Filter>
    </ClInclude>
    <ClInclude Include="OpenEXRCore\internal_attr.h">
      <Filter>Header Files\OpenEXRCore Header Files</Filter>
    </ClInclude>
    <ClInclude Include="OpenEXRCore\internal_channel_list.h">
      <Filter>Header Files\OpenEXRCore Header Files</Filter>
    </ClInclude>
    <ClInclude Include="OpenEXRCore\internal_coding.h">
      <Filter>Header Files\OpenEXRCore Header Files</Filter>
    </ClInclude>
    <ClInclude Include="OpenEXRCore\internal_compress.h">
      <Filter>Header Files\OpenEXRCore Header Files</Filter>
    </ClInclude>
    <ClInclude Include="OpenEXRCore\internal_constants.h">
      <Filter>Header Files\OpenEXRCore Header Files</Filter>
    </ClInclude>
    <ClInclude Include="OpenEXRCore\internal_cpuid.h">
      <Filter>Header Files\OpenEXRCore Header Files</Filter>
    </ClInclude>
    <ClInclude Include="OpenEXRCore\internal_decompress.h">
      <Filter>Header Files\OpenEXRCore Header Files</Filter>
    </ClInclude>
    <ClInclude Include="OpenEXRCore\internal_dwa_channeldata.h">
      <Filter>Header Files\OpenEXRCore Header Files</Filter>
    </ClInclude>
    <ClInclude Include="OpenEXRCore\internal_dwa_classifier.h">
      <Filter>Header Files\OpenEXRCore Header Files</Filter>
    </ClInclude>
    <ClInclude Include="OpenEXRCore\internal_dwa_compressor.h">
      <Filter>Header Files\OpenEXRCore Header Files</Filter>
    </ClInclude>
    <ClInclude Include="OpenEXRCore\internal_dwa_decoder.h">
      <Filter>Header Files\OpenEXRCore Header Files</Filter>
    </ClInclude>
    <ClInclude Include="OpenEXRCore\internal_dwa_encoder.h">
      <Filter>Header Files\OpenEXRCore Header Files</Filter>
    </ClInclude>
    <ClInclude Include="OpenEXRCore\internal_dwa_helpers.h">
      <Filter>Header Files\OpenEXRCore Header Files</Filter>
    </ClInclude>
    <ClInclude Include="OpenEXRCore\internal_dwa_simd.h">
      <Filter>Header Files\OpenEXRCore Header Files</Filter>
    </ClInclude>
    <ClInclude Include="OpenEXRCore\internal_file.h">
      <Filter>Header Files\OpenEXRCore Header Files</Filter>
    </ClInclude>
    <ClInclude Include="OpenEXRCore\internal_float_vector.h">
      <Filter>Header Files\OpenEXRCore Header Files</Filter>
    </ClInclude>
    <ClInclude Include="OpenEXRCore\internal_huf.h">
      <Filter>Header Files\OpenEXRCore Header Files</Filter>
    </ClInclude>
    <ClInclude Include="OpenEXRCore\internal_memory.h">
      <Filter>Header Files\OpenEXRCore Header Files</Filter>
    </ClInclude>
    <ClInclude Include="OpenEXRCore\internal_opaque.h">
      <Filter>Header Files\OpenEXRCore Header Files</Filter>
    </ClInclude>
    <ClInclude Include="OpenEXRCore\internal_posix_file_impl.h">
      <Filter>Header Files\OpenEXRCore Header Files</Filter>
    </ClInclude>
    <ClInclude Include="OpenEXRCore\internal_preview.h">
      <Filter>Header Files\OpenEXRCore Header Files</Filter>
    </ClInclude>
    <ClInclude Include="OpenEXRCore\internal_string.h">
      <Filter>Header Files\OpenEXRCore Header Files</Filter>
    </ClInclude>
    <ClInclude Include="OpenEXRCore\internal_string_vector.h">
      <Filter>Header Files\OpenEXRCore Header Files</Filter>
    </ClInclude>
    <ClInclude Include="OpenEXRCore\internal_structs.h">
      <Filter>Header Files\OpenEXRCore Header Files</Filter>
    </ClInclude>
    <ClInclude Include="OpenEXRCore\internal_util.h">
      <Filter>Header Files\OpenEXRCore Header Files</Filter>
    </ClInclude>
    <ClInclude Include="OpenEXRCore\internal_win32_file_impl.h">
      <Filter>Header Files\OpenEXRCore Header Files</Filter>
    </ClInclude>
    <ClInclude Include="OpenEXRCore\internal_xdr.h">
      <Filter>Header Files\OpenEXRCore Header Files</Filter>
    </ClInclude>
    <ClInclude Include="OpenEXRCore\openexr.h">
      <Filter>Header Files\OpenEXRCore Header Files</Filter>
    </ClInclude>
    <ClInclude Include="OpenEXRCore\openexr_attr.h">
      <Filter>Header Files\OpenEXRCore Header Files</Filter>
    </ClInclude>
    <ClInclude Include="OpenEXRCore\openexr_base.h">
      <Filter>Header Files\OpenEXRCore Header Files</Filter>
    </ClInclude>
    <ClInclude Include="OpenEXRCore\openexr_chunkio.h">
      <Filter>Header Files\OpenEXRCore Header Files</Filter>
    </ClInclude>
    <ClInclude Include="OpenEXRCore\openexr_coding.h">
      <Filter>Header Files\OpenEXRCore Header Files</Filter>
    </ClInclude>
    <ClInclude Include="OpenEXRCore\openexr_compression.h">
      <Filter>Header Files\OpenEXRCore Header Files</Filter>
    </ClInclude>
    <ClInclude Include="OpenEXRCore\openexr_config.h">
      <Filter>Header Files\OpenEXRCore Header Files</Filter>
    </ClInclude>
    <ClInclude Include="OpenEXRCore\openexr_context.h">
      <Filter>Header Files\OpenEXRCore Header Files</Filter>
    </ClInclude>
    <ClInclude Include="OpenEXRCore\openexr_debug.h">
      <Filter>Header Files\OpenEXRCore Header Files</Filter>
    </ClInclude>
    <ClInclude Include="OpenEXRCore\openexr_decode.h">
      <Filter>Header Files\OpenEXRCore Header Files</Filter>
    </ClInclude>
    <ClInclude Include="OpenEXRCore\openexr_encode.h">
      <Filter>Header Files\OpenEXRCore Header Files</Filter>
    </ClInclude>
    <ClInclude Include="OpenEXRCore\openexr_errors.h">
      <Filter>Header Files\OpenEXRCore Header Files</Filter>
    </ClInclude>
    <ClInclude Include="OpenEXRCore\openexr_part.h">
      <Filter>Header Files\OpenEXRCore Header Files</Filter>
    </ClInclude>
    <ClInclude Include="OpenEXRCore\openexr_std_attr.h">
      <Filter>Header Files\OpenEXRCore Header Files</Filter>
    </ClInclude>
    <ClInclude Include="OpenEXRCore\openexr_version.h">
      <Filter>Header Files\OpenEXRCore Header Files</Filter>
    </ClInclude>
    <ClInclude Include="..\LibDeflate\common_defs.h">
      <Filter>Header Files\LibDeflate Header Files</Filter>
    </ClInclude>
    <ClInclude Include="..\LibDeflate\libdeflate.h">
      <Filter>Header Files\LibDeflate Header Files</Filter>
    </ClInclude>
    <ClInclude Include="..\LibDeflate\lib\adler32_vec_template.h">
      <Filter>Header Files\LibDeflate Header Files</Filter>
    </ClInclude>
    <ClInclude Include="..\LibDeflate\lib\bt_matchfinder.h">
      <Filter>Header Files\LibDeflate Header Files</Filter>
    </ClInclude>
    <ClInclude Include="..\LibDeflate\lib\cpu_features_common.h">
      <Filter>Header Files\LibDeflate Header Files</Filter>
    </ClInclude>
    <ClInclude Include="..\LibDeflate\lib\crc32_multipliers.h">
      <Filter>Header Files\LibDeflate Header Files</Filter>
    </ClInclude>
    <ClInclude Include="..\LibDeflate\lib\crc32_tables.h">
      <Filter>Header Files\LibDeflate Header Files</Filter>
    </ClInclude>
    <ClInclude Include="..\LibDeflate\lib\decompress_template.h">
      <Filter>Header Files\LibDeflate Header Files</Filter>
    </ClInclude>
    <ClInclude Include="..\LibDeflate\lib\deflate_compress.h">
      <Filter>Header Files\LibDeflate Header Files</Filter>
    </ClInclude>
    <ClInclude Include="..\LibDeflate\lib\deflate_constants.h">
      <Filter>Header Files\LibDeflate Header Files</Filter>
    </ClInclude>
    <ClInclude Include="..\LibDeflate\lib\gzip_constants.h">
      <Filter>Header Files\LibDeflate Header Files</Filter>
    </ClInclude>
    <ClInclude Include="..\LibDeflate\lib\hc_matchfinder.h">
      <Filter>Header Files\LibDeflate Header Files</Filter>
    </ClInclude>
    <ClInclude Include="..\LibDeflate\lib\ht_matchfinder.h">
      <Filter>Header Files\LibDeflate Header Files</Filter>
    </ClInclude>
    <ClInclude Include="..\LibDeflate\lib\lib_common.h">
      <Filter>Header Files\LibDeflate Header Files</Filter>
    </ClInclude>
    <ClInclude Include="..\LibDeflate\lib\matchfinder_common.h">
      <Filter>Header Files\LibDeflate Header Files</Filter>
    </ClInclude>
    <ClInclude Include="..\LibDeflate\lib\zlib_constants.h">
      <Filter>Header Files\LibDeflate Header Files</Filter>
    </ClInclude>
    <ClInclude Include="..\LibDeflate\lib\arm\adler32_impl.h">
      <Filter>Header Files\LibDeflate Header Files</Filter>
    </ClInclude>
    <ClInclude Include="..\LibDeflate\lib\arm\cpu_features.h">
      <Filter>Header Files\LibDeflate Header Files</Filter>
    </ClInclude>
    <ClInclude Include="..\LibDeflate\lib\arm\crc32_impl.h">
      <Filter>Header Files\LibDeflate Header Files</Filter>
    </ClInclude>
    <ClInclude Include="..\LibDeflate\lib\arm\crc32_pmull_helpers.h">
      <Filter>Header Files\LibDeflate Header Files</Filter>
    </ClInclude>
    <ClInclude Include="..\LibDeflate\lib\arm\crc32_pmull_wide.h">
      <Filter>Header Files\LibDeflate Header Files</Filter>
    </ClInclude>
    <ClInclude Include="..\LibDeflate\lib\arm\matchfinder_impl.h">
      <Filter>Header Files\LibDeflate Header Files</Filter>
    </ClInclude>
    <ClInclude Include="..\LibDeflate\lib\x86\adler32_impl.h">
      <Filter>Header Files\LibDeflate Header Files</Filter>
    </ClInclude>
    <ClInclude Include="..\LibDeflate\lib\x86\cpu_features.h">
      <Filter>Header Files\LibDeflate Header Files</Filter>
    </ClInclude>
    <ClInclude Include="..\LibDeflate\lib\x86\crc32_impl.h">
      <Filter>Header Files\LibDeflate Header Files</Filter>
    </ClInclude>
    <ClInclude Include="..\LibDeflate\lib\x86\crc32_pclmul_template.h">
      <Filter>Header Files\LibDeflate Header Files</Filter>
    </ClInclude>
    <ClInclude Include="..\LibDeflate\lib\x86\decompress_impl.h">
      <Filter>Header Files\LibDeflate Header Files</Filter>
    </ClInclude>
    <ClInclude Include="..\LibDeflate\lib\x86\matchfinder_impl.h">
      <Filter>Header Files\LibDeflate Header Files</Filter>
    </ClInclude>
  </ItemGroup>
</Project>
